// !$*UTF8*$!
{
	archiveVersion = 1;
	classes = {
	};
	objectVersion = 46;
	objects = {

/* Begin PBXBuildFile section */
		5C9959651EF7D19F008F8CE6 /* CDRTranslucentSideBar.m in Sources */ = {isa = PBXBuildFile; fileRef = 5C9959641EF7D19F008F8CE6 /* CDRTranslucentSideBar.m */; };
		5CAF482F1F18110D00A03485 /* Parser.swift in Sources */ = {isa = PBXBuildFile; fileRef = 5CAF482D1F18110D00A03485 /* Parser.swift */; };
		5CAF48301F18110D00A03485 /* Validator.swift in Sources */ = {isa = PBXBuildFile; fileRef = 5CAF482E1F18110D00A03485 /* Validator.swift */; };
		5CAF48331F18112100A03485 /* Ad.swift in Sources */ = {isa = PBXBuildFile; fileRef = 5CAF48311F18112100A03485 /* Ad.swift */; };
		5CAF48341F18112100A03485 /* PersistenseManager.swift in Sources */ = {isa = PBXBuildFile; fileRef = 5CAF48321F18112100A03485 /* PersistenseManager.swift */; };
		5CAF483C1F18119200A03485 /* RegisterView.swift in Sources */ = {isa = PBXBuildFile; fileRef = 5CAF483B1F18119200A03485 /* RegisterView.swift */; };
		5CAF483E1F18119B00A03485 /* LoginView.swift in Sources */ = {isa = PBXBuildFile; fileRef = 5CAF483D1F18119B00A03485 /* LoginView.swift */; };
		5CAF48431F1811A500A03485 /* SideBar.swift in Sources */ = {isa = PBXBuildFile; fileRef = 5CAF483F1F1811A500A03485 /* SideBar.swift */; };
		5CAF48441F1811A500A03485 /* SideBarCell.swift in Sources */ = {isa = PBXBuildFile; fileRef = 5CAF48401F1811A500A03485 /* SideBarCell.swift */; };
		5CAF48451F1811A500A03485 /* HomeCell.swift in Sources */ = {isa = PBXBuildFile; fileRef = 5CAF48411F1811A500A03485 /* HomeCell.swift */; };
		5CAF48461F1811A500A03485 /* HomeHeaderView.swift in Sources */ = {isa = PBXBuildFile; fileRef = 5CAF48421F1811A500A03485 /* HomeHeaderView.swift */; };
		5CAF48491F1811AF00A03485 /* DetailHeaderView.swift in Sources */ = {isa = PBXBuildFile; fileRef = 5CAF48471F1811AF00A03485 /* DetailHeaderView.swift */; };
		5CAF484A1F1811AF00A03485 /* DetailCell.swift in Sources */ = {isa = PBXBuildFile; fileRef = 5CAF48481F1811AF00A03485 /* DetailCell.swift */; };
		5CAF48511F1811B600A03485 /* AdCategoryCell.swift in Sources */ = {isa = PBXBuildFile; fileRef = 5CAF484B1F1811B600A03485 /* AdCategoryCell.swift */; };
		5CAF48521F1811B600A03485 /* ChooseImageCell.swift in Sources */ = {isa = PBXBuildFile; fileRef = 5CAF484C1F1811B600A03485 /* ChooseImageCell.swift */; };
		5CAF48531F1811B600A03485 /* AdDetailCell.swift in Sources */ = {isa = PBXBuildFile; fileRef = 5CAF484D1F1811B600A03485 /* AdDetailCell.swift */; };
		5CAF48541F1811B600A03485 /* AdUserCell.swift in Sources */ = {isa = PBXBuildFile; fileRef = 5CAF484E1F1811B600A03485 /* AdUserCell.swift */; };
		5CAF48551F1811B600A03485 /* AddAdCell.swift in Sources */ = {isa = PBXBuildFile; fileRef = 5CAF484F1F1811B600A03485 /* AddAdCell.swift */; };
		5CAF48561F1811B600A03485 /* ImageCell.swift in Sources */ = {isa = PBXBuildFile; fileRef = 5CAF48501F1811B600A03485 /* ImageCell.swift */; };
		5CAF48591F1811BF00A03485 /* CatViewCell.swift in Sources */ = {isa = PBXBuildFile; fileRef = 5CAF48571F1811BF00A03485 /* CatViewCell.swift */; };
		5CAF485A1F1811BF00A03485 /* CategoryCell.swift in Sources */ = {isa = PBXBuildFile; fileRef = 5CAF48581F1811BF00A03485 /* CategoryCell.swift */; };
		5CAF48621F18121300A03485 /* RegisterVC.swift in Sources */ = {isa = PBXBuildFile; fileRef = 5CAF48611F18121300A03485 /* RegisterVC.swift */; };
		5CAF48641F18121E00A03485 /* LoginVC.swift in Sources */ = {isa = PBXBuildFile; fileRef = 5CAF48631F18121E00A03485 /* LoginVC.swift */; };
		5CAF48661F18122600A03485 /* HomeVC.swift in Sources */ = {isa = PBXBuildFile; fileRef = 5CAF48651F18122600A03485 /* HomeVC.swift */; };
		5CAF48681F18122C00A03485 /* DetailVC.swift in Sources */ = {isa = PBXBuildFile; fileRef = 5CAF48671F18122C00A03485 /* DetailVC.swift */; };
		5CAF486A1F18123400A03485 /* NewAdVC.swift in Sources */ = {isa = PBXBuildFile; fileRef = 5CAF48691F18123400A03485 /* NewAdVC.swift */; };
		5CAF486C1F18123A00A03485 /* CategoryVC.swift in Sources */ = {isa = PBXBuildFile; fileRef = 5CAF486B1F18123A00A03485 /* CategoryVC.swift */; };
		5CAF48711F18125A00A03485 /* English.json in Resources */ = {isa = PBXBuildFile; fileRef = 5CAF486D1F18125A00A03485 /* English.json */; };
		5CAF48721F18125A00A03485 /* Russian.json in Resources */ = {isa = PBXBuildFile; fileRef = 5CAF486E1F18125A00A03485 /* Russian.json */; };
		5CAF48731F18125A00A03485 /* Turkish.json in Resources */ = {isa = PBXBuildFile; fileRef = 5CAF486F1F18125A00A03485 /* Turkish.json */; };
		5CAF48741F18125A00A03485 /* Azerbaijan.json in Resources */ = {isa = PBXBuildFile; fileRef = 5CAF48701F18125A00A03485 /* Azerbaijan.json */; };
		5CAF48791F18128A00A03485 /* home.json in Resources */ = {isa = PBXBuildFile; fileRef = 5CAF48781F18128A00A03485 /* home.json */; };
		5CAF48831F18129C00A03485 /* ImageView.swift in Sources */ = {isa = PBXBuildFile; fileRef = 5CAF487A1F18129C00A03485 /* ImageView.swift */; };
		5CAF48841F18129C00A03485 /* ImageCarouselView.swift in Sources */ = {isa = PBXBuildFile; fileRef = 5CAF487B1F18129C00A03485 /* ImageCarouselView.swift */; };
		5CAF48851F18129C00A03485 /* PopupController.swift in Sources */ = {isa = PBXBuildFile; fileRef = 5CAF487C1F18129C00A03485 /* PopupController.swift */; };
		5CAF48861F18129C00A03485 /* OZCheckBox.swift in Sources */ = {isa = PBXBuildFile; fileRef = 5CAF487D1F18129C00A03485 /* OZCheckBox.swift */; };
		5CAF48871F18129C00A03485 /* OZActivityIndicator.swift in Sources */ = {isa = PBXBuildFile; fileRef = 5CAF487E1F18129C00A03485 /* OZActivityIndicator.swift */; };
		5CAF48881F18129C00A03485 /* OZRippleButton.swift in Sources */ = {isa = PBXBuildFile; fileRef = 5CAF487F1F18129C00A03485 /* OZRippleButton.swift */; };
		5CAF48891F18129C00A03485 /* ImageButton.swift in Sources */ = {isa = PBXBuildFile; fileRef = 5CAF48801F18129C00A03485 /* ImageButton.swift */; };
		5CAF488A1F18129C00A03485 /* TapTextField.swift in Sources */ = {isa = PBXBuildFile; fileRef = 5CAF48811F18129C00A03485 /* TapTextField.swift */; };
		5CAF488B1F18129C00A03485 /* IndicatorView.swift in Sources */ = {isa = PBXBuildFile; fileRef = 5CAF48821F18129C00A03485 /* IndicatorView.swift */; };
		5CAF488F1F1812E400A03485 /* UIView.swift in Sources */ = {isa = PBXBuildFile; fileRef = 5CAF488D1F1812E400A03485 /* UIView.swift */; };
		5CAF48901F1812E400A03485 /* UIColor.swift in Sources */ = {isa = PBXBuildFile; fileRef = 5CAF488E1F1812E400A03485 /* UIColor.swift */; };
		5CAF48931F1812F600A03485 /* Constant.swift in Sources */ = {isa = PBXBuildFile; fileRef = 5CAF48921F1812F600A03485 /* Constant.swift */; };
		5CAF48961F18137000A03485 /* User+CoreDataClass.swift in Sources */ = {isa = PBXBuildFile; fileRef = 5CAF48941F18137000A03485 /* User+CoreDataClass.swift */; };
		5CAF48971F18137000A03485 /* User+CoreDataProperties.swift in Sources */ = {isa = PBXBuildFile; fileRef = 5CAF48951F18137000A03485 /* User+CoreDataProperties.swift */; };
		5CC7AF241EFC039A001749E4 /* MMNumberKeyboard.m in Sources */ = {isa = PBXBuildFile; fileRef = 5CC7AF1D1EFC039A001749E4 /* MMNumberKeyboard.m */; };
		5CC7AF251EFC039A001749E4 /* MMNumberKeyboardDeleteKey.png in Resources */ = {isa = PBXBuildFile; fileRef = 5CC7AF1E1EFC039A001749E4 /* MMNumberKeyboardDeleteKey.png */; };
		5CC7AF261EFC039A001749E4 /* MMNumberKeyboardDeleteKey@2x.png in Resources */ = {isa = PBXBuildFile; fileRef = 5CC7AF1F1EFC039A001749E4 /* MMNumberKeyboardDeleteKey@2x.png */; };
		5CC7AF271EFC039A001749E4 /* MMNumberKeyboardDeleteKey@3x.png in Resources */ = {isa = PBXBuildFile; fileRef = 5CC7AF201EFC039A001749E4 /* MMNumberKeyboardDeleteKey@3x.png */; };
		5CC7AF281EFC039A001749E4 /* MMNumberKeyboardDismissKey.png in Resources */ = {isa = PBXBuildFile; fileRef = 5CC7AF211EFC039A001749E4 /* MMNumberKeyboardDismissKey.png */; };
		5CC7AF291EFC039A001749E4 /* MMNumberKeyboardDismissKey@2x.png in Resources */ = {isa = PBXBuildFile; fileRef = 5CC7AF221EFC039A001749E4 /* MMNumberKeyboardDismissKey@2x.png */; };
		5CC7AF2A1EFC039A001749E4 /* MMNumberKeyboardDismissKey@3x.png in Resources */ = {isa = PBXBuildFile; fileRef = 5CC7AF231EFC039A001749E4 /* MMNumberKeyboardDismissKey@3x.png */; };
		5CCFAE831EEC6E290070A6F1 /* AppDelegate.swift in Sources */ = {isa = PBXBuildFile; fileRef = 5CCFAE821EEC6E290070A6F1 /* AppDelegate.swift */; };
		5CCFAE8B1EEC6E290070A6F1 /* Tap_az.xcdatamodeld in Sources */ = {isa = PBXBuildFile; fileRef = 5CCFAE891EEC6E290070A6F1 /* Tap_az.xcdatamodeld */; };
		5CCFAE8D1EEC6E290070A6F1 /* Assets.xcassets in Resources */ = {isa = PBXBuildFile; fileRef = 5CCFAE8C1EEC6E290070A6F1 /* Assets.xcassets */; };
		5CCFAE901EEC6E290070A6F1 /* LaunchScreen.storyboard in Resources */ = {isa = PBXBuildFile; fileRef = 5CCFAE8E1EEC6E290070A6F1 /* LaunchScreen.storyboard */; };
/* End PBXBuildFile section */

/* Begin PBXCopyFilesBuildPhase section */
		5C513E841EF2537A00CC7CBB /* Embed App Extensions */ = {
			isa = PBXCopyFilesBuildPhase;
			buildActionMask = 2147483647;
			dstPath = "";
			dstSubfolderSpec = 13;
			files = (
			);
			name = "Embed App Extensions";
			runOnlyForDeploymentPostprocessing = 0;
		};
/* End PBXCopyFilesBuildPhase section */

/* Begin PBXFileReference section */
		5C15E3491EEF1ADD006305B9 /* Tap.az-Bridging-Header.h */ = {isa = PBXFileReference; lastKnownFileType = sourcecode.c.h; path = "Tap.az-Bridging-Header.h"; sourceTree = "<group>"; };
		5C25BAF91F01A98300D97644 /* tr */ = {isa = PBXFileReference; lastKnownFileType = file.storyboard; name = tr; path = tr.lproj/LaunchScreen.storyboard; sourceTree = "<group>"; };
		5C33B2EA1EF3BDB600E226BB /* Tap.az.app */ = {isa = PBXFileReference; explicitFileType = wrapper.application; includeInIndex = 0; path = Tap.az.app; sourceTree = BUILT_PRODUCTS_DIR; };
		5C9959631EF7D19F008F8CE6 /* CDRTranslucentSideBar.h */ = {isa = PBXFileReference; fileEncoding = 4; lastKnownFileType = sourcecode.c.h; path = CDRTranslucentSideBar.h; sourceTree = "<group>"; };
		5C9959641EF7D19F008F8CE6 /* CDRTranslucentSideBar.m */ = {isa = PBXFileReference; fileEncoding = 4; lastKnownFileType = sourcecode.c.objc; path = CDRTranslucentSideBar.m; sourceTree = "<group>"; };
		5CAF482D1F18110D00A03485 /* Parser.swift */ = {isa = PBXFileReference; fileEncoding = 4; lastKnownFileType = sourcecode.swift; path = Parser.swift; sourceTree = "<group>"; };
		5CAF482E1F18110D00A03485 /* Validator.swift */ = {isa = PBXFileReference; fileEncoding = 4; lastKnownFileType = sourcecode.swift; path = Validator.swift; sourceTree = "<group>"; };
		5CAF48311F18112100A03485 /* Ad.swift */ = {isa = PBXFileReference; fileEncoding = 4; lastKnownFileType = sourcecode.swift; path = Ad.swift; sourceTree = "<group>"; };
		5CAF48321F18112100A03485 /* PersistenseManager.swift */ = {isa = PBXFileReference; fileEncoding = 4; lastKnownFileType = sourcecode.swift; path = PersistenseManager.swift; sourceTree = "<group>"; };
		5CAF483B1F18119200A03485 /* RegisterView.swift */ = {isa = PBXFileReference; fileEncoding = 4; lastKnownFileType = sourcecode.swift; path = RegisterView.swift; sourceTree = "<group>"; };
		5CAF483D1F18119B00A03485 /* LoginView.swift */ = {isa = PBXFileReference; fileEncoding = 4; lastKnownFileType = sourcecode.swift; path = LoginView.swift; sourceTree = "<group>"; };
		5CAF483F1F1811A500A03485 /* SideBar.swift */ = {isa = PBXFileReference; fileEncoding = 4; lastKnownFileType = sourcecode.swift; path = SideBar.swift; sourceTree = "<group>"; };
		5CAF48401F1811A500A03485 /* SideBarCell.swift */ = {isa = PBXFileReference; fileEncoding = 4; lastKnownFileType = sourcecode.swift; path = SideBarCell.swift; sourceTree = "<group>"; };
		5CAF48411F1811A500A03485 /* HomeCell.swift */ = {isa = PBXFileReference; fileEncoding = 4; lastKnownFileType = sourcecode.swift; path = HomeCell.swift; sourceTree = "<group>"; };
		5CAF48421F1811A500A03485 /* HomeHeaderView.swift */ = {isa = PBXFileReference; fileEncoding = 4; lastKnownFileType = sourcecode.swift; path = HomeHeaderView.swift; sourceTree = "<group>"; };
		5CAF48471F1811AF00A03485 /* DetailHeaderView.swift */ = {isa = PBXFileReference; fileEncoding = 4; lastKnownFileType = sourcecode.swift; path = DetailHeaderView.swift; sourceTree = "<group>"; };
		5CAF48481F1811AF00A03485 /* DetailCell.swift */ = {isa = PBXFileReference; fileEncoding = 4; lastKnownFileType = sourcecode.swift; path = DetailCell.swift; sourceTree = "<group>"; };
		5CAF484B1F1811B600A03485 /* AdCategoryCell.swift */ = {isa = PBXFileReference; fileEncoding = 4; lastKnownFileType = sourcecode.swift; path = AdCategoryCell.swift; sourceTree = "<group>"; };
		5CAF484C1F1811B600A03485 /* ChooseImageCell.swift */ = {isa = PBXFileReference; fileEncoding = 4; lastKnownFileType = sourcecode.swift; path = ChooseImageCell.swift; sourceTree = "<group>"; };
		5CAF484D1F1811B600A03485 /* AdDetailCell.swift */ = {isa = PBXFileReference; fileEncoding = 4; lastKnownFileType = sourcecode.swift; path = AdDetailCell.swift; sourceTree = "<group>"; };
		5CAF484E1F1811B600A03485 /* AdUserCell.swift */ = {isa = PBXFileReference; fileEncoding = 4; lastKnownFileType = sourcecode.swift; path = AdUserCell.swift; sourceTree = "<group>"; };
		5CAF484F1F1811B600A03485 /* AddAdCell.swift */ = {isa = PBXFileReference; fileEncoding = 4; lastKnownFileType = sourcecode.swift; path = AddAdCell.swift; sourceTree = "<group>"; };
		5CAF48501F1811B600A03485 /* ImageCell.swift */ = {isa = PBXFileReference; fileEncoding = 4; lastKnownFileType = sourcecode.swift; path = ImageCell.swift; sourceTree = "<group>"; };
		5CAF48571F1811BF00A03485 /* CatViewCell.swift */ = {isa = PBXFileReference; fileEncoding = 4; lastKnownFileType = sourcecode.swift; path = CatViewCell.swift; sourceTree = "<group>"; };
		5CAF48581F1811BF00A03485 /* CategoryCell.swift */ = {isa = PBXFileReference; fileEncoding = 4; lastKnownFileType = sourcecode.swift; path = CategoryCell.swift; sourceTree = "<group>"; };
		5CAF48611F18121300A03485 /* RegisterVC.swift */ = {isa = PBXFileReference; fileEncoding = 4; lastKnownFileType = sourcecode.swift; path = RegisterVC.swift; sourceTree = "<group>"; };
		5CAF48631F18121E00A03485 /* LoginVC.swift */ = {isa = PBXFileReference; fileEncoding = 4; lastKnownFileType = sourcecode.swift; path = LoginVC.swift; sourceTree = "<group>"; };
		5CAF48651F18122600A03485 /* HomeVC.swift */ = {isa = PBXFileReference; fileEncoding = 4; lastKnownFileType = sourcecode.swift; path = HomeVC.swift; sourceTree = "<group>"; };
		5CAF48671F18122C00A03485 /* DetailVC.swift */ = {isa = PBXFileReference; fileEncoding = 4; lastKnownFileType = sourcecode.swift; path = DetailVC.swift; sourceTree = "<group>"; };
		5CAF48691F18123400A03485 /* NewAdVC.swift */ = {isa = PBXFileReference; fileEncoding = 4; lastKnownFileType = sourcecode.swift; path = NewAdVC.swift; sourceTree = "<group>"; };
		5CAF486B1F18123A00A03485 /* CategoryVC.swift */ = {isa = PBXFileReference; fileEncoding = 4; lastKnownFileType = sourcecode.swift; path = CategoryVC.swift; sourceTree = "<group>"; };
		5CAF486D1F18125A00A03485 /* English.json */ = {isa = PBXFileReference; fileEncoding = 4; lastKnownFileType = text.json; path = English.json; sourceTree = "<group>"; };
		5CAF486E1F18125A00A03485 /* Russian.json */ = {isa = PBXFileReference; fileEncoding = 4; lastKnownFileType = text.json; path = Russian.json; sourceTree = "<group>"; };
		5CAF486F1F18125A00A03485 /* Turkish.json */ = {isa = PBXFileReference; fileEncoding = 4; lastKnownFileType = text.json; path = Turkish.json; sourceTree = "<group>"; };
		5CAF48701F18125A00A03485 /* Azerbaijan.json */ = {isa = PBXFileReference; fileEncoding = 4; lastKnownFileType = text.json; path = Azerbaijan.json; sourceTree = "<group>"; };
		5CAF48781F18128A00A03485 /* home.json */ = {isa = PBXFileReference; fileEncoding = 4; lastKnownFileType = text.json; path = home.json; sourceTree = "<group>"; };
		5CAF487A1F18129C00A03485 /* ImageView.swift */ = {isa = PBXFileReference; fileEncoding = 4; lastKnownFileType = sourcecode.swift; path = ImageView.swift; sourceTree = "<group>"; };
		5CAF487B1F18129C00A03485 /* ImageCarouselView.swift */ = {isa = PBXFileReference; fileEncoding = 4; lastKnownFileType = sourcecode.swift; path = ImageCarouselView.swift; sourceTree = "<group>"; };
		5CAF487C1F18129C00A03485 /* PopupController.swift */ = {isa = PBXFileReference; fileEncoding = 4; lastKnownFileType = sourcecode.swift; path = PopupController.swift; sourceTree = "<group>"; };
		5CAF487D1F18129C00A03485 /* OZCheckBox.swift */ = {isa = PBXFileReference; fileEncoding = 4; lastKnownFileType = sourcecode.swift; path = OZCheckBox.swift; sourceTree = "<group>"; };
		5CAF487E1F18129C00A03485 /* OZActivityIndicator.swift */ = {isa = PBXFileReference; fileEncoding = 4; lastKnownFileType = sourcecode.swift; path = OZActivityIndicator.swift; sourceTree = "<group>"; };
		5CAF487F1F18129C00A03485 /* OZRippleButton.swift */ = {isa = PBXFileReference; fileEncoding = 4; lastKnownFileType = sourcecode.swift; path = OZRippleButton.swift; sourceTree = "<group>"; };
		5CAF48801F18129C00A03485 /* ImageButton.swift */ = {isa = PBXFileReference; fileEncoding = 4; lastKnownFileType = sourcecode.swift; path = ImageButton.swift; sourceTree = "<group>"; };
		5CAF48811F18129C00A03485 /* TapTextField.swift */ = {isa = PBXFileReference; fileEncoding = 4; lastKnownFileType = sourcecode.swift; path = TapTextField.swift; sourceTree = "<group>"; };
		5CAF48821F18129C00A03485 /* IndicatorView.swift */ = {isa = PBXFileReference; fileEncoding = 4; lastKnownFileType = sourcecode.swift; path = IndicatorView.swift; sourceTree = "<group>"; };
		5CAF488D1F1812E400A03485 /* UIView.swift */ = {isa = PBXFileReference; fileEncoding = 4; lastKnownFileType = sourcecode.swift; path = UIView.swift; sourceTree = "<group>"; };
		5CAF488E1F1812E400A03485 /* UIColor.swift */ = {isa = PBXFileReference; fileEncoding = 4; lastKnownFileType = sourcecode.swift; path = UIColor.swift; sourceTree = "<group>"; };
		5CAF48921F1812F600A03485 /* Constant.swift */ = {isa = PBXFileReference; fileEncoding = 4; lastKnownFileType = sourcecode.swift; path = Constant.swift; sourceTree = "<group>"; };
		5CAF48941F18137000A03485 /* User+CoreDataClass.swift */ = {isa = PBXFileReference; fileEncoding = 4; lastKnownFileType = sourcecode.swift; path = "User+CoreDataClass.swift"; sourceTree = "<group>"; };
		5CAF48951F18137000A03485 /* User+CoreDataProperties.swift */ = {isa = PBXFileReference; fileEncoding = 4; lastKnownFileType = sourcecode.swift; path = "User+CoreDataProperties.swift"; sourceTree = "<group>"; };
		5CC7AF1C1EFC039A001749E4 /* MMNumberKeyboard.h */ = {isa = PBXFileReference; fileEncoding = 4; lastKnownFileType = sourcecode.c.h; path = MMNumberKeyboard.h; sourceTree = "<group>"; };
		5CC7AF1D1EFC039A001749E4 /* MMNumberKeyboard.m */ = {isa = PBXFileReference; fileEncoding = 4; lastKnownFileType = sourcecode.c.objc; path = MMNumberKeyboard.m; sourceTree = "<group>"; };
		5CC7AF1E1EFC039A001749E4 /* MMNumberKeyboardDeleteKey.png */ = {isa = PBXFileReference; lastKnownFileType = image.png; path = MMNumberKeyboardDeleteKey.png; sourceTree = "<group>"; };
		5CC7AF1F1EFC039A001749E4 /* MMNumberKeyboardDeleteKey@2x.png */ = {isa = PBXFileReference; lastKnownFileType = image.png; path = "MMNumberKeyboardDeleteKey@2x.png"; sourceTree = "<group>"; };
		5CC7AF201EFC039A001749E4 /* MMNumberKeyboardDeleteKey@3x.png */ = {isa = PBXFileReference; lastKnownFileType = image.png; path = "MMNumberKeyboardDeleteKey@3x.png"; sourceTree = "<group>"; };
		5CC7AF211EFC039A001749E4 /* MMNumberKeyboardDismissKey.png */ = {isa = PBXFileReference; lastKnownFileType = image.png; path = MMNumberKeyboardDismissKey.png; sourceTree = "<group>"; };
		5CC7AF221EFC039A001749E4 /* MMNumberKeyboardDismissKey@2x.png */ = {isa = PBXFileReference; lastKnownFileType = image.png; path = "MMNumberKeyboardDismissKey@2x.png"; sourceTree = "<group>"; };
		5CC7AF231EFC039A001749E4 /* MMNumberKeyboardDismissKey@3x.png */ = {isa = PBXFileReference; lastKnownFileType = image.png; path = "MMNumberKeyboardDismissKey@3x.png"; sourceTree = "<group>"; };
		5CCFAE821EEC6E290070A6F1 /* AppDelegate.swift */ = {isa = PBXFileReference; lastKnownFileType = sourcecode.swift; path = AppDelegate.swift; sourceTree = "<group>"; };
		5CCFAE8A1EEC6E290070A6F1 /* Tap_az.xcdatamodel */ = {isa = PBXFileReference; lastKnownFileType = wrapper.xcdatamodel; path = Tap_az.xcdatamodel; sourceTree = "<group>"; };
		5CCFAE8C1EEC6E290070A6F1 /* Assets.xcassets */ = {isa = PBXFileReference; lastKnownFileType = folder.assetcatalog; path = Assets.xcassets; sourceTree = "<group>"; };
		5CCFAE911EEC6E290070A6F1 /* Info.plist */ = {isa = PBXFileReference; lastKnownFileType = text.plist.xml; path = Info.plist; sourceTree = "<group>"; };
		5CCFAE9A1EEC6E290070A6F1 /* Tap_azTests.swift */ = {isa = PBXFileReference; lastKnownFileType = sourcecode.swift; path = Tap_azTests.swift; sourceTree = "<group>"; };
		5CCFAE9C1EEC6E290070A6F1 /* Info.plist */ = {isa = PBXFileReference; lastKnownFileType = text.plist.xml; path = Info.plist; sourceTree = "<group>"; };
		5CCFAEA51EEC6E290070A6F1 /* Tap_azUITests.swift */ = {isa = PBXFileReference; lastKnownFileType = sourcecode.swift; path = Tap_azUITests.swift; sourceTree = "<group>"; };
		5CCFAEA71EEC6E2A0070A6F1 /* Info.plist */ = {isa = PBXFileReference; lastKnownFileType = text.plist.xml; path = Info.plist; sourceTree = "<group>"; };
/* End PBXFileReference section */

/* Begin PBXFrameworksBuildPhase section */
		5CCFAE7C1EEC6E290070A6F1 /* Frameworks */ = {
			isa = PBXFrameworksBuildPhase;
			buildActionMask = 2147483647;
			files = (
			);
			runOnlyForDeploymentPostprocessing = 0;
		};
/* End PBXFrameworksBuildPhase section */

/* Begin PBXGroup section */
		5C15E3481EEF103A006305B9 /* Frameworks */ = {
			isa = PBXGroup;
			children = (
				5C99595B1EF7D16A008F8CE6 /* SideBar */,
				5CC7AF1B1EFC038E001749E4 /* MMNumberKeyboard */,
				5CAF487A1F18129C00A03485 /* ImageView.swift */,
				5CAF487B1F18129C00A03485 /* ImageCarouselView.swift */,
				5CAF487C1F18129C00A03485 /* PopupController.swift */,
				5CAF487D1F18129C00A03485 /* OZCheckBox.swift */,
				5CAF487E1F18129C00A03485 /* OZActivityIndicator.swift */,
				5CAF487F1F18129C00A03485 /* OZRippleButton.swift */,
				5CAF48801F18129C00A03485 /* ImageButton.swift */,
				5CAF48811F18129C00A03485 /* TapTextField.swift */,
				5CAF48821F18129C00A03485 /* IndicatorView.swift */,
			);
			name = Frameworks;
			sourceTree = "<group>";
		};
		5C3FC3791EEDAB3A007F93F7 /* Helper */ = {
			isa = PBXGroup;
			children = (
				5CAF48911F1812EC00A03485 /* Constants */,
				5CAF488C1F1812D700A03485 /* Extensions */,
				5CAF48771F18128100A03485 /* Files */,
				5CAF48761F18127100A03485 /* Languages */,
				5C15E3481EEF103A006305B9 /* Frameworks */,
				5CCFAEB71EEC6E7C0070A6F1 /* Base */,
			);
			name = Helper;
			sourceTree = "<group>";
		};
		5C99595B1EF7D16A008F8CE6 /* SideBar */ = {
			isa = PBXGroup;
			children = (
				5C9959631EF7D19F008F8CE6 /* CDRTranslucentSideBar.h */,
				5C9959641EF7D19F008F8CE6 /* CDRTranslucentSideBar.m */,
				5C15E3491EEF1ADD006305B9 /* Tap.az-Bridging-Header.h */,
			);
			name = SideBar;
			sourceTree = "<group>";
		};
		5CAF48291F1810E800A03485 /* Controller */ = {
			isa = PBXGroup;
			children = (
				5CAF48601F1811E800A03485 /* Register */,
				5CAF485F1F1811E600A03485 /* Login */,
				5CAF485E1F1811E400A03485 /* Home */,
				5CAF485D1F1811E200A03485 /* Detail */,
				5CAF485C1F1811DF00A03485 /* NewAd */,
				5CAF485B1F1811DD00A03485 /* Category */,
			);
			name = Controller;
			sourceTree = "<group>";
		};
		5CAF482A1F1810EF00A03485 /* View */ = {
			isa = PBXGroup;
			children = (
				5CAF483A1F18114900A03485 /* Register */,
				5CAF48391F18114700A03485 /* Login */,
				5CAF48381F18114400A03485 /* Home */,
				5CAF48371F18114100A03485 /* Detail */,
				5CAF48361F18113F00A03485 /* NewAd */,
				5CAF48351F18113C00A03485 /* Category */,
			);
			name = View;
			sourceTree = "<group>";
		};
		5CAF482B1F1810F600A03485 /* Model */ = {
			isa = PBXGroup;
			children = (
				5CAF48941F18137000A03485 /* User+CoreDataClass.swift */,
				5CAF48951F18137000A03485 /* User+CoreDataProperties.swift */,
				5CAF48311F18112100A03485 /* Ad.swift */,
				5CAF48321F18112100A03485 /* PersistenseManager.swift */,
			);
			name = Model;
			sourceTree = "<group>";
		};
		5CAF482C1F1810FF00A03485 /* API */ = {
			isa = PBXGroup;
			children = (
				5CAF482D1F18110D00A03485 /* Parser.swift */,
				5CAF482E1F18110D00A03485 /* Validator.swift */,
			);
			name = API;
			sourceTree = "<group>";
		};
		5CAF48351F18113C00A03485 /* Category */ = {
			isa = PBXGroup;
			children = (
				5CAF48571F1811BF00A03485 /* CatViewCell.swift */,
				5CAF48581F1811BF00A03485 /* CategoryCell.swift */,
			);
			name = Category;
			sourceTree = "<group>";
		};
		5CAF48361F18113F00A03485 /* NewAd */ = {
			isa = PBXGroup;
			children = (
				5CAF484B1F1811B600A03485 /* AdCategoryCell.swift */,
				5CAF484C1F1811B600A03485 /* ChooseImageCell.swift */,
				5CAF484D1F1811B600A03485 /* AdDetailCell.swift */,
				5CAF484E1F1811B600A03485 /* AdUserCell.swift */,
				5CAF484F1F1811B600A03485 /* AddAdCell.swift */,
				5CAF48501F1811B600A03485 /* ImageCell.swift */,
			);
			name = NewAd;
			sourceTree = "<group>";
		};
		5CAF48371F18114100A03485 /* Detail */ = {
			isa = PBXGroup;
			children = (
				5CAF48471F1811AF00A03485 /* DetailHeaderView.swift */,
				5CAF48481F1811AF00A03485 /* DetailCell.swift */,
			);
			name = Detail;
			sourceTree = "<group>";
		};
		5CAF48381F18114400A03485 /* Home */ = {
			isa = PBXGroup;
			children = (
				5CAF483F1F1811A500A03485 /* SideBar.swift */,
				5CAF48401F1811A500A03485 /* SideBarCell.swift */,
				5CAF48411F1811A500A03485 /* HomeCell.swift */,
				5CAF48421F1811A500A03485 /* HomeHeaderView.swift */,
			);
			name = Home;
			sourceTree = "<group>";
		};
		5CAF48391F18114700A03485 /* Login */ = {
			isa = PBXGroup;
			children = (
				5CAF483D1F18119B00A03485 /* LoginView.swift */,
			);
			name = Login;
			sourceTree = "<group>";
		};
		5CAF483A1F18114900A03485 /* Register */ = {
			isa = PBXGroup;
			children = (
				5CAF483B1F18119200A03485 /* RegisterView.swift */,
			);
			name = Register;
			sourceTree = "<group>";
		};
		5CAF485B1F1811DD00A03485 /* Category */ = {
			isa = PBXGroup;
			children = (
				5CAF486B1F18123A00A03485 /* CategoryVC.swift */,
			);
			name = Category;
			sourceTree = "<group>";
		};
		5CAF485C1F1811DF00A03485 /* NewAd */ = {
			isa = PBXGroup;
			children = (
				5CAF48691F18123400A03485 /* NewAdVC.swift */,
			);
			name = NewAd;
			sourceTree = "<group>";
		};
		5CAF485D1F1811E200A03485 /* Detail */ = {
			isa = PBXGroup;
			children = (
				5CAF48671F18122C00A03485 /* DetailVC.swift */,
			);
			name = Detail;
			sourceTree = "<group>";
		};
		5CAF485E1F1811E400A03485 /* Home */ = {
			isa = PBXGroup;
			children = (
				5CAF48651F18122600A03485 /* HomeVC.swift */,
			);
			name = Home;
			sourceTree = "<group>";
		};
		5CAF485F1F1811E600A03485 /* Login */ = {
			isa = PBXGroup;
			children = (
				5CAF48631F18121E00A03485 /* LoginVC.swift */,
			);
			name = Login;
			sourceTree = "<group>";
		};
		5CAF48601F1811E800A03485 /* Register */ = {
			isa = PBXGroup;
			children = (
				5CAF48611F18121300A03485 /* RegisterVC.swift */,
			);
			name = Register;
			sourceTree = "<group>";
		};
		5CAF48761F18127100A03485 /* Languages */ = {
			isa = PBXGroup;
			children = (
				5CAF486D1F18125A00A03485 /* English.json */,
				5CAF486E1F18125A00A03485 /* Russian.json */,
				5CAF486F1F18125A00A03485 /* Turkish.json */,
				5CAF48701F18125A00A03485 /* Azerbaijan.json */,
			);
			name = Languages;
			sourceTree = "<group>";
		};
		5CAF48771F18128100A03485 /* Files */ = {
			isa = PBXGroup;
			children = (
				5CAF48781F18128A00A03485 /* home.json */,
			);
			name = Files;
			sourceTree = "<group>";
		};
		5CAF488C1F1812D700A03485 /* Extensions */ = {
			isa = PBXGroup;
			children = (
				5CAF488D1F1812E400A03485 /* UIView.swift */,
				5CAF488E1F1812E400A03485 /* UIColor.swift */,
			);
			name = Extensions;
			sourceTree = "<group>";
		};
		5CAF48911F1812EC00A03485 /* Constants */ = {
			isa = PBXGroup;
			children = (
				5CAF48921F1812F600A03485 /* Constant.swift */,
			);
			name = Constants;
			sourceTree = "<group>";
		};
		5CC7AF1B1EFC038E001749E4 /* MMNumberKeyboard */ = {
			isa = PBXGroup;
			children = (
				5CC7AF1C1EFC039A001749E4 /* MMNumberKeyboard.h */,
				5CC7AF1D1EFC039A001749E4 /* MMNumberKeyboard.m */,
				5CC7AF1E1EFC039A001749E4 /* MMNumberKeyboardDeleteKey.png */,
				5CC7AF1F1EFC039A001749E4 /* MMNumberKeyboardDeleteKey@2x.png */,
				5CC7AF201EFC039A001749E4 /* MMNumberKeyboardDeleteKey@3x.png */,
				5CC7AF211EFC039A001749E4 /* MMNumberKeyboardDismissKey.png */,
				5CC7AF221EFC039A001749E4 /* MMNumberKeyboardDismissKey@2x.png */,
				5CC7AF231EFC039A001749E4 /* MMNumberKeyboardDismissKey@3x.png */,
			);
			name = MMNumberKeyboard;
			sourceTree = "<group>";
		};
		5CCFAE761EEC6E290070A6F1 = {
			isa = PBXGroup;
			children = (
				5CCFAE811EEC6E290070A6F1 /* Tap.az */,
				5CCFAE991EEC6E290070A6F1 /* Tap.azTests */,
				5CCFAEA41EEC6E290070A6F1 /* Tap.azUITests */,
				5C33B2EA1EF3BDB600E226BB /* Tap.az.app */,
			);
			sourceTree = "<group>";
		};
		5CCFAE811EEC6E290070A6F1 /* Tap.az */ = {
			isa = PBXGroup;
			children = (
				5CAF482C1F1810FF00A03485 /* API */,
				5CAF482B1F1810F600A03485 /* Model */,
				5CAF482A1F1810EF00A03485 /* View */,
				5CAF48291F1810E800A03485 /* Controller */,
				5C3FC3791EEDAB3A007F93F7 /* Helper */,
			);
			path = Tap.az;
			sourceTree = "<group>";
		};
		5CCFAE991EEC6E290070A6F1 /* Tap.azTests */ = {
			isa = PBXGroup;
			children = (
				5CCFAE9A1EEC6E290070A6F1 /* Tap_azTests.swift */,
				5CCFAE9C1EEC6E290070A6F1 /* Info.plist */,
			);
			path = Tap.azTests;
			sourceTree = "<group>";
		};
		5CCFAEA41EEC6E290070A6F1 /* Tap.azUITests */ = {
			isa = PBXGroup;
			children = (
				5CCFAEA51EEC6E290070A6F1 /* Tap_azUITests.swift */,
				5CCFAEA71EEC6E2A0070A6F1 /* Info.plist */,
			);
			path = Tap.azUITests;
			sourceTree = "<group>";
		};
		5CCFAEB71EEC6E7C0070A6F1 /* Base */ = {
			isa = PBXGroup;
			children = (
				5CCFAE821EEC6E290070A6F1 /* AppDelegate.swift */,
				5CCFAE8C1EEC6E290070A6F1 /* Assets.xcassets */,
				5CCFAE8E1EEC6E290070A6F1 /* LaunchScreen.storyboard */,
				5CCFAE911EEC6E290070A6F1 /* Info.plist */,
				5CCFAE891EEC6E290070A6F1 /* Tap_az.xcdatamodeld */,
			);
			name = Base;
			sourceTree = "<group>";
		};
/* End PBXGroup section */

/* Begin PBXNativeTarget section */
		5CCFAE7E1EEC6E290070A6F1 /* Tap.az */ = {
			isa = PBXNativeTarget;
			buildConfigurationList = 5CCFAEAA1EEC6E2A0070A6F1 /* Build configuration list for PBXNativeTarget "Tap.az" */;
			buildPhases = (
				7EC745FCD4930426C81900E2 /* [CP] Check Pods Manifest.lock */,
				5CCFAE7B1EEC6E290070A6F1 /* Sources */,
				5CCFAE7C1EEC6E290070A6F1 /* Frameworks */,
				5CCFAE7D1EEC6E290070A6F1 /* Resources */,
				BA06F7370FD9FF8CD8CA9472 /* [CP] Embed Pods Frameworks */,
				A046A3487774445EBE13B495 /* [CP] Copy Pods Resources */,
				5C513E841EF2537A00CC7CBB /* Embed App Extensions */,
			);
			buildRules = (
			);
			dependencies = (
			);
			name = Tap.az;
			productName = Tap.az;
			productReference = 5C33B2EA1EF3BDB600E226BB /* Tap.az.app */;
			productType = "com.apple.product-type.application";
		};
/* End PBXNativeTarget section */

/* Begin PBXProject section */
		5CCFAE771EEC6E290070A6F1 /* Project object */ = {
			isa = PBXProject;
			attributes = {
				KnownAssetTags = (
					New,
				);
				LastSwiftUpdateCheck = 0830;
				LastUpgradeCheck = 0830;
				ORGANIZATIONNAME = OzalSuleyman;
				TargetAttributes = {
					5CCFAE7E1EEC6E290070A6F1 = {
						CreatedOnToolsVersion = 8.3.2;
						DevelopmentTeam = NGVG5DF79H;
						LastSwiftMigration = 0830;
						ProvisioningStyle = Automatic;
					};
				};
			};
			buildConfigurationList = 5CCFAE7A1EEC6E290070A6F1 /* Build configuration list for PBXProject "Tap.az" */;
			compatibilityVersion = "Xcode 3.2";
			developmentRegion = English;
			hasScannedForEncodings = 0;
			knownRegions = (
				en,
			);
			mainGroup = 5CCFAE761EEC6E290070A6F1;
			productRefGroup = 5CCFAE761EEC6E290070A6F1;
			projectDirPath = "";
			projectRoot = "";
			targets = (
				5CCFAE7E1EEC6E290070A6F1 /* Tap.az */,
			);
		};
/* End PBXProject section */

/* Begin PBXResourcesBuildPhase section */
		5CCFAE7D1EEC6E290070A6F1 /* Resources */ = {
			isa = PBXResourcesBuildPhase;
			buildActionMask = 2147483647;
			files = (
				5CC7AF2A1EFC039A001749E4 /* MMNumberKeyboardDismissKey@3x.png in Resources */,
				5CAF48731F18125A00A03485 /* Turkish.json in Resources */,
				5CAF48741F18125A00A03485 /* Azerbaijan.json in Resources */,
				5CC7AF271EFC039A001749E4 /* MMNumberKeyboardDeleteKey@3x.png in Resources */,
				5CC7AF281EFC039A001749E4 /* MMNumberKeyboardDismissKey.png in Resources */,
				5CAF48711F18125A00A03485 /* English.json in Resources */,
				5CC7AF291EFC039A001749E4 /* MMNumberKeyboardDismissKey@2x.png in Resources */,
				5CC7AF261EFC039A001749E4 /* MMNumberKeyboardDeleteKey@2x.png in Resources */,
				5CCFAE901EEC6E290070A6F1 /* LaunchScreen.storyboard in Resources */,
				5CAF48721F18125A00A03485 /* Russian.json in Resources */,
				5CC7AF251EFC039A001749E4 /* MMNumberKeyboardDeleteKey.png in Resources */,
				5CAF48791F18128A00A03485 /* home.json in Resources */,
				5CCFAE8D1EEC6E290070A6F1 /* Assets.xcassets in Resources */,
			);
			runOnlyForDeploymentPostprocessing = 0;
		};
/* End PBXResourcesBuildPhase section */

/* Begin PBXShellScriptBuildPhase section */
		7EC745FCD4930426C81900E2 /* [CP] Check Pods Manifest.lock */ = {
			isa = PBXShellScriptBuildPhase;
			buildActionMask = 2147483647;
			files = (
			);
			inputPaths = (
			);
			name = "[CP] Check Pods Manifest.lock";
			outputPaths = (
			);
			runOnlyForDeploymentPostprocessing = 0;
			shellPath = /bin/sh;
			shellScript = "";
			showEnvVarsInLog = 0;
		};
		A046A3487774445EBE13B495 /* [CP] Copy Pods Resources */ = {
			isa = PBXShellScriptBuildPhase;
			buildActionMask = 8;
			files = (
			);
			inputPaths = (
			);
			name = "[CP] Copy Pods Resources";
			outputPaths = (
			);
			runOnlyForDeploymentPostprocessing = 1;
			shellPath = /bin/sh;
			shellScript = "";
			showEnvVarsInLog = 0;
		};
		BA06F7370FD9FF8CD8CA9472 /* [CP] Embed Pods Frameworks */ = {
			isa = PBXShellScriptBuildPhase;
			buildActionMask = 8;
			files = (
			);
			inputPaths = (
			);
			name = "[CP] Embed Pods Frameworks";
			outputPaths = (
			);
			runOnlyForDeploymentPostprocessing = 1;
			shellScript = "
";
			showEnvVarsInLog = 0;
		};
/* End PBXShellScriptBuildPhase section */

/* Begin PBXSourcesBuildPhase section */
		5CCFAE7B1EEC6E290070A6F1 /* Sources */ = {
			isa = PBXSourcesBuildPhase;
			buildActionMask = 2147483647;
			files = (
				5CAF488F1F1812E400A03485 /* UIView.swift in Sources */,
				5CAF486C1F18123A00A03485 /* CategoryVC.swift in Sources */,
				5CAF48851F18129C00A03485 /* PopupController.swift in Sources */,
				5CAF483C1F18119200A03485 /* RegisterView.swift in Sources */,
				5CAF48831F18129C00A03485 /* ImageView.swift in Sources */,
				5C9959651EF7D19F008F8CE6 /* CDRTranslucentSideBar.m in Sources */,
				5CAF48441F1811A500A03485 /* SideBarCell.swift in Sources */,
				5CAF48661F18122600A03485 /* HomeVC.swift in Sources */,
				5CAF48591F1811BF00A03485 /* CatViewCell.swift in Sources */,
				5CAF48531F1811B600A03485 /* AdDetailCell.swift in Sources */,
				5CCFAE8B1EEC6E290070A6F1 /* Tap_az.xcdatamodeld in Sources */,
				5CAF48331F18112100A03485 /* Ad.swift in Sources */,
				5CAF48341F18112100A03485 /* PersistenseManager.swift in Sources */,
				5CAF48511F1811B600A03485 /* AdCategoryCell.swift in Sources */,
				5CAF48451F1811A500A03485 /* HomeCell.swift in Sources */,
				5CAF48551F1811B600A03485 /* AddAdCell.swift in Sources */,
				5CAF48841F18129C00A03485 /* ImageCarouselView.swift in Sources */,
				5CAF488B1F18129C00A03485 /* IndicatorView.swift in Sources */,
				5CAF48971F18137000A03485 /* User+CoreDataProperties.swift in Sources */,
				5CAF485A1F1811BF00A03485 /* CategoryCell.swift in Sources */,
				5CAF48861F18129C00A03485 /* OZCheckBox.swift in Sources */,
				5CAF48681F18122C00A03485 /* DetailVC.swift in Sources */,
				5CAF48521F1811B600A03485 /* ChooseImageCell.swift in Sources */,
				5CAF482F1F18110D00A03485 /* Parser.swift in Sources */,
				5CAF48541F1811B600A03485 /* AdUserCell.swift in Sources */,
				5CAF48561F1811B600A03485 /* ImageCell.swift in Sources */,
				5CAF48961F18137000A03485 /* User+CoreDataClass.swift in Sources */,
				5CAF48431F1811A500A03485 /* SideBar.swift in Sources */,
				5CCFAE831EEC6E290070A6F1 /* AppDelegate.swift in Sources */,
				5CAF48301F18110D00A03485 /* Validator.swift in Sources */,
				5CAF48621F18121300A03485 /* RegisterVC.swift in Sources */,
				5CAF48901F1812E400A03485 /* UIColor.swift in Sources */,
				5CAF483E1F18119B00A03485 /* LoginView.swift in Sources */,
				5CAF48891F18129C00A03485 /* ImageButton.swift in Sources */,
				5CAF48881F18129C00A03485 /* OZRippleButton.swift in Sources */,
				5CAF48461F1811A500A03485 /* HomeHeaderView.swift in Sources */,
				5CAF48641F18121E00A03485 /* LoginVC.swift in Sources */,
				5CAF48931F1812F600A03485 /* Constant.swift in Sources */,
				5CC7AF241EFC039A001749E4 /* MMNumberKeyboard.m in Sources */,
				5CAF484A1F1811AF00A03485 /* DetailCell.swift in Sources */,
				5CAF48871F18129C00A03485 /* OZActivityIndicator.swift in Sources */,
				5CAF488A1F18129C00A03485 /* TapTextField.swift in Sources */,
				5CAF48491F1811AF00A03485 /* DetailHeaderView.swift in Sources */,
				5CAF486A1F18123400A03485 /* NewAdVC.swift in Sources */,
			);
			runOnlyForDeploymentPostprocessing = 0;
		};
/* End PBXSourcesBuildPhase section */

/* Begin PBXVariantGroup section */
		5CCFAE8E1EEC6E290070A6F1 /* LaunchScreen.storyboard */ = {
			isa = PBXVariantGroup;
			children = (
				5C25BAF91F01A98300D97644 /* tr */,
			);
			name = LaunchScreen.storyboard;
			sourceTree = "<group>";
		};
/* End PBXVariantGroup section */

/* Begin XCBuildConfiguration section */
		5CCFAEA81EEC6E2A0070A6F1 /* Debug */ = {
			isa = XCBuildConfiguration;
			buildSettings = {
				ALWAYS_SEARCH_USER_PATHS = NO;
				CLANG_ANALYZER_LOCALIZABILITY_NONLOCALIZED = YES;
				CLANG_ANALYZER_NONNULL = YES;
				CLANG_ANALYZER_NUMBER_OBJECT_CONVERSION = YES_AGGRESSIVE;
				CLANG_CXX_LANGUAGE_STANDARD = "gnu++0x";
				CLANG_CXX_LIBRARY = "libc++";
				CLANG_ENABLE_MODULES = YES;
				CLANG_ENABLE_OBJC_ARC = YES;
				CLANG_WARN_BOOL_CONVERSION = YES;
				CLANG_WARN_CONSTANT_CONVERSION = YES;
				CLANG_WARN_DIRECT_OBJC_ISA_USAGE = YES_ERROR;
				CLANG_WARN_DOCUMENTATION_COMMENTS = YES;
				CLANG_WARN_EMPTY_BODY = YES;
				CLANG_WARN_ENUM_CONVERSION = YES;
				CLANG_WARN_INFINITE_RECURSION = YES;
				CLANG_WARN_INT_CONVERSION = YES;
				CLANG_WARN_OBJC_ROOT_CLASS = YES_ERROR;
				CLANG_WARN_SUSPICIOUS_MOVE = YES;
				CLANG_WARN_UNREACHABLE_CODE = YES;
				CLANG_WARN__DUPLICATE_METHOD_MATCH = YES;
				"CODE_SIGN_IDENTITY[sdk=iphoneos*]" = "iPhone Developer";
				COPY_PHASE_STRIP = NO;
				DEBUG_INFORMATION_FORMAT = dwarf;
				ENABLE_STRICT_OBJC_MSGSEND = YES;
				ENABLE_TESTABILITY = YES;
				GCC_C_LANGUAGE_STANDARD = gnu99;
				GCC_DYNAMIC_NO_PIC = NO;
				GCC_NO_COMMON_BLOCKS = YES;
				GCC_OPTIMIZATION_LEVEL = 0;
				GCC_PREPROCESSOR_DEFINITIONS = (
					"DEBUG=1",
					"$(inherited)",
				);
				GCC_WARN_64_TO_32_BIT_CONVERSION = YES;
				GCC_WARN_ABOUT_RETURN_TYPE = YES_ERROR;
				GCC_WARN_UNDECLARED_SELECTOR = YES;
				GCC_WARN_UNINITIALIZED_AUTOS = YES_AGGRESSIVE;
				GCC_WARN_UNUSED_FUNCTION = YES;
				GCC_WARN_UNUSED_VARIABLE = YES;
				MTL_ENABLE_DEBUG_INFO = YES;
				ONLY_ACTIVE_ARCH = YES;
				SDKROOT = iphoneos;
				SWIFT_ACTIVE_COMPILATION_CONDITIONS = DEBUG;
				SWIFT_OPTIMIZATION_LEVEL = "-Onone";
				TARGETED_DEVICE_FAMILY = "1,2";
			};
			name = Debug;
		};
		5CCFAEA91EEC6E2A0070A6F1 /* Release */ = {
			isa = XCBuildConfiguration;
			buildSettings = {
				ALWAYS_SEARCH_USER_PATHS = NO;
				CLANG_ANALYZER_LOCALIZABILITY_NONLOCALIZED = YES;
				CLANG_ANALYZER_NONNULL = YES;
				CLANG_ANALYZER_NUMBER_OBJECT_CONVERSION = YES_AGGRESSIVE;
				CLANG_CXX_LANGUAGE_STANDARD = "gnu++0x";
				CLANG_CXX_LIBRARY = "libc++";
				CLANG_ENABLE_MODULES = YES;
				CLANG_ENABLE_OBJC_ARC = YES;
				CLANG_WARN_BOOL_CONVERSION = YES;
				CLANG_WARN_CONSTANT_CONVERSION = YES;
				CLANG_WARN_DIRECT_OBJC_ISA_USAGE = YES_ERROR;
				CLANG_WARN_DOCUMENTATION_COMMENTS = YES;
				CLANG_WARN_EMPTY_BODY = YES;
				CLANG_WARN_ENUM_CONVERSION = YES;
				CLANG_WARN_INFINITE_RECURSION = YES;
				CLANG_WARN_INT_CONVERSION = YES;
				CLANG_WARN_OBJC_ROOT_CLASS = YES_ERROR;
				CLANG_WARN_SUSPICIOUS_MOVE = YES;
				CLANG_WARN_UNREACHABLE_CODE = YES;
				CLANG_WARN__DUPLICATE_METHOD_MATCH = YES;
				"CODE_SIGN_IDENTITY[sdk=iphoneos*]" = "iPhone Developer";
				COPY_PHASE_STRIP = NO;
				DEBUG_INFORMATION_FORMAT = "dwarf-with-dsym";
				ENABLE_NS_ASSERTIONS = NO;
				ENABLE_STRICT_OBJC_MSGSEND = YES;
				GCC_C_LANGUAGE_STANDARD = gnu99;
				GCC_NO_COMMON_BLOCKS = YES;
				GCC_WARN_64_TO_32_BIT_CONVERSION = YES;
				GCC_WARN_ABOUT_RETURN_TYPE = YES_ERROR;
				GCC_WARN_UNDECLARED_SELECTOR = YES;
				GCC_WARN_UNINITIALIZED_AUTOS = YES_AGGRESSIVE;
				GCC_WARN_UNUSED_FUNCTION = YES;
				GCC_WARN_UNUSED_VARIABLE = YES;
				MTL_ENABLE_DEBUG_INFO = NO;
				SDKROOT = iphoneos;
				SWIFT_OPTIMIZATION_LEVEL = "-Owholemodule";
				TARGETED_DEVICE_FAMILY = "1,2";
				VALIDATE_PRODUCT = YES;
			};
			name = Release;
		};
		5CCFAEAB1EEC6E2A0070A6F1 /* Debug */ = {
			isa = XCBuildConfiguration;
			buildSettings = {
				ASSETCATALOG_COMPILER_APPICON_NAME = AppIcon;
				CLANG_ENABLE_MODULES = YES;
				DEVELOPMENT_TEAM = NGVG5DF79H;
				FRAMEWORK_SEARCH_PATHS = (
					"$(inherited)",
					"$(PROJECT_DIR)/Tap.az",
				);
				INFOPLIST_FILE = Tap.az/Info.plist;
				LD_RUNPATH_SEARCH_PATHS = "$(inherited) @executable_path/Frameworks";
				PRODUCT_BUNDLE_IDENTIFIER = "com.xcodeman.Tap-az";
				PRODUCT_NAME = "$(TARGET_NAME)";
				SWIFT_OBJC_BRIDGING_HEADER = "Tap.az/Tap.az-Bridging-Header.h";
				SWIFT_OPTIMIZATION_LEVEL = "-Onone";
				SWIFT_VERSION = 3.0;
				TARGETED_DEVICE_FAMILY = 1;
			};
			name = Debug;
		};
		5CCFAEAC1EEC6E2A0070A6F1 /* Release */ = {
			isa = XCBuildConfiguration;
			buildSettings = {
				ASSETCATALOG_COMPILER_APPICON_NAME = AppIcon;
				CLANG_ENABLE_MODULES = YES;
				DEVELOPMENT_TEAM = NGVG5DF79H;
				FRAMEWORK_SEARCH_PATHS = (
					"$(inherited)",
					"$(PROJECT_DIR)/Tap.az",
				);
				INFOPLIST_FILE = Tap.az/Info.plist;
				LD_RUNPATH_SEARCH_PATHS = "$(inherited) @executable_path/Frameworks";
				PRODUCT_BUNDLE_IDENTIFIER = "com.xcodeman.Tap-az";
				PRODUCT_NAME = "$(TARGET_NAME)";
				SWIFT_OBJC_BRIDGING_HEADER = "Tap.az/Tap.az-Bridging-Header.h";
				SWIFT_VERSION = 3.0;
				TARGETED_DEVICE_FAMILY = 1;
			};
			name = Release;
		};
/* End XCBuildConfiguration section */

/* Begin XCConfigurationList section */
		5CCFAE7A1EEC6E290070A6F1 /* Build configuration list for PBXProject "Tap.az" */ = {
			isa = XCConfigurationList;
			buildConfigurations = (
				5CCFAEA81EEC6E2A0070A6F1 /* Debug */,
				5CCFAEA91EEC6E2A0070A6F1 /* Release */,
			);
			defaultConfigurationIsVisible = 0;
			defaultConfigurationName = Debug;
		};
		5CCFAEAA1EEC6E2A0070A6F1 /* Build configuration list for PBXNativeTarget "Tap.az" */ = {
			isa = XCConfigurationList;
			buildConfigurations = (
				5CCFAEAB1EEC6E2A0070A6F1 /* Debug */,
				5CCFAEAC1EEC6E2A0070A6F1 /* Release */,
			);
			defaultConfigurationIsVisible = 0;
			defaultConfigurationName = Debug;
		};
/* End XCConfigurationList section */

/* Begin XCVersionGroup section */
		5CCFAE891EEC6E290070A6F1 /* Tap_az.xcdatamodeld */ = {
			isa = XCVersionGroup;
			children = (
				5CCFAE8A1EEC6E290070A6F1 /* Tap_az.xcdatamodel */,
			);
			currentVersion = 5CCFAE8A1EEC6E290070A6F1 /* Tap_az.xcdatamodel */;
			path = Tap_az.xcdatamodeld;
			sourceTree = "<group>";
			versionGroupType = wrapper.xcdatamodel;
		};
/* End XCVersionGroup section */
	};
	rootObject = 5CCFAE771EEC6E290070A6F1 /* Project object */;
}
